
Microsoft Visual Studio Solution File, Format Version 12.00
# Visual Studio Version 17
VisualStudioVersion = 17.8.34309.116
MinimumVisualStudioVersion = 10.0.40219.1
Project("{2150E333-8FDC-42A3-9474-1A3956D46DE8}") = "src", "src", "{64E3D9AA-441D-4CB9-B4B1-D1B432D18990}"
EndProject
Project("{2150E333-8FDC-42A3-9474-1A3956D46DE8}") = "docs", "docs", "{0B4B4D2F-2185-4549-BBBF-C4DFCDB15FC8}"
EndProject
Project("{2150E333-8FDC-42A3-9474-1A3956D46DE8}") = "tests", "tests", "{DCFF13D2-2213-4641-9E66-805315646FA5}"
EndProject
Project("{2150E333-8FDC-42A3-9474-1A3956D46DE8}") = "libraries", "libraries", "{7303023A-E697-403C-81FD-1D1D90699F2F}"
EndProject
Project("{2150E333-8FDC-42A3-9474-1A3956D46DE8}") = "applications", "applications", "{C7435A57-B213-469C-95D6-0837F4906054}"
EndProject
Project("{FAE04EC0-301F-11D3-BF4B-00C04F79EFBC}") = "CLEANARCHlTECTUREDEMO.Domain", "src\libraries\CLEANARCHlTECTUREDEMO.Domain\CLEANARCHlTECTUREDEMO.Domain.csproj", "{8606A5D3-290D-4730-A7AC-321246DC92E6}"
EndProject
Project("{FAE04EC0-301F-11D3-BF4B-00C04F79EFBC}") = "CLEANARCHlTECTUREDEMO.WebApi", "src\applications\CLEANARCHlTECTUREDEMO.WebApi\CLEANARCHlTECTUREDEMO.WebApi.csproj", "{9038A9A9-6B06-49A0-83A2-23899A1CE45D}"
EndProject
Project("{FAE04EC0-301F-11D3-BF4B-00C04F79EFBC}") = "CLEANARCHlTECTUREDEMO.Infrastructure", "CLEANARCHlTECTUREDEMO.Infrastructure\CLEANARCHlTECTUREDEMO.Infrastructure.csproj", "{E9015274-B3D6-4688-8BD9-571A2599B585}"
EndProject
Project("{FAE04EC0-301F-11D3-BF4B-00C04F79EFBC}") = "CLEANARCHlTECTUREDEMO.Persistence", "src\libraries\CLEANARCHlTECTUREDEMO.Persistence\CLEANARCHlTECTUREDEMO.Persistence.csproj", "{F4567AED-8118-4250-BBAD-A72DE1A78B6E}"
EndProject
Project("{FAE04EC0-301F-11D3-BF4B-00C04F79EFBC}") = "CLEANARCHlTECTUREDEMO.Shared", "CLEANARCHlTECTUREDEMO.Shared\CLEANARCHlTECTUREDEMO.Shared.csproj", "{71A81C38-8E92-4AC6-AEB7-CD472BD0AEE9}"
EndProject
Global
	GlobalSection(SolutionConfigurationPlatforms) = preSolution
		Debug|Any CPU = Debug|Any CPU
		Release|Any CPU = Release|Any CPU
	EndGlobalSection
	GlobalSection(ProjectConfigurationPlatforms) = postSolution
		{8606A5D3-290D-4730-A7AC-321246DC92E6}.Debug|Any CPU.ActiveCfg = Debug|Any CPU
		{8606A5D3-290D-4730-A7AC-321246DC92E6}.Debug|Any CPU.Build.0 = Debug|Any CPU
		{8606A5D3-290D-4730-A7AC-321246DC92E6}.Release|Any CPU.ActiveCfg = Release|Any CPU
		{8606A5D3-290D-4730-A7AC-321246DC92E6}.Release|Any CPU.Build.0 = Release|Any CPU
		{9038A9A9-6B06-49A0-83A2-23899A1CE45D}.Debug|Any CPU.ActiveCfg = Debug|Any CPU
		{9038A9A9-6B06-49A0-83A2-23899A1CE45D}.Debug|Any CPU.Build.0 = Debug|Any CPU
		{9038A9A9-6B06-49A0-83A2-23899A1CE45D}.Release|Any CPU.ActiveCfg = Release|Any CPU
		{9038A9A9-6B06-49A0-83A2-23899A1CE45D}.Release|Any CPU.Build.0 = Release|Any CPU
		{E9015274-B3D6-4688-8BD9-571A2599B585}.Debug|Any CPU.ActiveCfg = Debug|Any CPU
		{E9015274-B3D6-4688-8BD9-571A2599B585}.Debug|Any CPU.Build.0 = Debug|Any CPU
		{E9015274-B3D6-4688-8BD9-571A2599B585}.Release|Any CPU.ActiveCfg = Release|Any CPU
		{E9015274-B3D6-4688-8BD9-571A2599B585}.Release|Any CPU.Build.0 = Release|Any CPU
		{F4567AED-8118-4250-BBAD-A72DE1A78B6E}.Debug|Any CPU.ActiveCfg = Debug|Any CPU
		{F4567AED-8118-4250-BBAD-A72DE1A78B6E}.Debug|Any CPU.Build.0 = Debug|Any CPU
		{F4567AED-8118-4250-BBAD-A72DE1A78B6E}.Release|Any CPU.ActiveCfg = Release|Any CPU
		{F4567AED-8118-4250-BBAD-A72DE1A78B6E}.Release|Any CPU.Build.0 = Release|Any CPU
		{71A81C38-8E92-4AC6-AEB7-CD472BD0AEE9}.Debug|Any CPU.ActiveCfg = Debug|Any CPU
		{71A81C38-8E92-4AC6-AEB7-CD472BD0AEE9}.Debug|Any CPU.Build.0 = Debug|Any CPU
		{71A81C38-8E92-4AC6-AEB7-CD472BD0AEE9}.Release|Any CPU.ActiveCfg = Release|Any CPU
		{71A81C38-8E92-4AC6-AEB7-CD472BD0AEE9}.Release|Any CPU.Build.0 = Release|Any CPU
	EndGlobalSection
	GlobalSection(SolutionProperties) = preSolution
		HideSolutionNode = FALSE
	EndGlobalSection
	GlobalSection(NestedProjects) = preSolution
		{7303023A-E697-403C-81FD-1D1D90699F2F} = {64E3D9AA-441D-4CB9-B4B1-D1B432D18990}
		{C7435A57-B213-469C-95D6-0837F4906054} = {64E3D9AA-441D-4CB9-B4B1-D1B432D18990}
		{8606A5D3-290D-4730-A7AC-321246DC92E6} = {7303023A-E697-403C-81FD-1D1D90699F2F}
		{9038A9A9-6B06-49A0-83A2-23899A1CE45D} = {C7435A57-B213-469C-95D6-0837F4906054}
		{E9015274-B3D6-4688-8BD9-571A2599B585} = {7303023A-E697-403C-81FD-1D1D90699F2F}
		{F4567AED-8118-4250-BBAD-A72DE1A78B6E} = {7303023A-E697-403C-81FD-1D1D90699F2F}
		{71A81C38-8E92-4AC6-AEB7-CD472BD0AEE9} = {7303023A-E697-403C-81FD-1D1D90699F2F}
	EndGlobalSection
	GlobalSection(ExtensibilityGlobals) = postSolution
		SolutionGuid = {7EE5A307-B9DC-4980-B6CA-4C4A70C40D53}
	EndGlobalSection
EndGlobal
